
Microsoft Visual Studio Solution File, Format Version 12.00
# Visual Studio 14
VisualStudioVersion = 14.0.25123.0
MinimumVisualStudioVersion = 10.0.40219.1
Project("{2150E333-8FDC-42A3-9474-1A3956D46DE8}") = "Solution Items", "Solution Items", "{8C37DE7D-90DD-452B-9B44-B8B787B7321B}"
	ProjectSection(SolutionItems) = preProject
		README.md = README.md
	EndProjectSection
EndProject
Project("{FAE04EC0-301F-11D3-BF4B-00C04F79EFBC}") = "Quandl.Shared.Modules", "QuandlShared\Quandl.Shared.Modules.csproj", "{C77BC1E8-9AAA-4F9C-9B47-0E3EF672C72C}"
EndProject
Project("{FAE04EC0-301F-11D3-BF4B-00C04F79EFBC}") = "Quandl.Excel.UDF.Functions", "QuandlExcelUDFFunctions\Quandl.Excel.UDF.Functions.csproj", "{6AC4706D-5BC0-45DC-B517-683D19C57970}"
EndProject
Project("{6141683F-8A12-4E36-9623-2EB02B2C2303}") = "Quandl.Excel.Addin.Setup", "QuandlExcelAddinSetup\Quandl.Excel.Addin.Setup.isproj", "{165E8729-65D9-40B3-B8EE-404B5CAEE91D}"
	ProjectSection(ProjectDependencies) = postProject
		{6AC4706D-5BC0-45DC-B517-683D19C57970} = {6AC4706D-5BC0-45DC-B517-683D19C57970}
		{46DC729E-5083-4F4B-BF2E-E20611D3C14E} = {46DC729E-5083-4F4B-BF2E-E20611D3C14E}
		{45DEE8E4-7F86-4747-A6F4-D6E3671A2A42} = {45DEE8E4-7F86-4747-A6F4-D6E3671A2A42}
	EndProjectSection
EndProject
Project("{FAE04EC0-301F-11D3-BF4B-00C04F79EFBC}") = "Quandl.Excel.Addin", "QuandlExcelAddinWindows\Quandl.Excel.Addin.csproj", "{46DC729E-5083-4F4B-BF2E-E20611D3C14E}"
EndProject
Project("{FAE04EC0-301F-11D3-BF4B-00C04F79EFBC}") = "Quandl.Excel.Console", "Quandl.Excel.Console\Quandl.Excel.Console.csproj", "{45DEE8E4-7F86-4747-A6F4-D6E3671A2A42}"
EndProject
Project("{FAE04EC0-301F-11D3-BF4B-00C04F79EFBC}") = "Quandl.Test.CodedUI", "Quandl.Test.CodedUI\Quandl.Test.CodedUI.csproj", "{E0F72E5D-292A-4FD4-8E32-337A91A81200}"
EndProject
Project("{FAE04EC0-301F-11D3-BF4B-00C04F79EFBC}") = "Quandl.Test.Shared.Modules", "Quandl.Test.Shared.Modules\Quandl.Test.Shared.Modules.csproj", "{7B5AC1A6-41A0-455C-9C75-9934CAA3D7CF}"
EndProject
Global
	GlobalSection(SolutionConfigurationPlatforms) = preSolution
		CD_ROM|Any CPU = CD_ROM|Any CPU
		CD_ROM|x86 = CD_ROM|x86
		Debug|Any CPU = Debug|Any CPU
		Debug|x86 = Debug|x86
		DVD-5|Any CPU = DVD-5|Any CPU
		DVD-5|x86 = DVD-5|x86
		Release|Any CPU = Release|Any CPU
		Release|x86 = Release|x86
		SingleImage|Any CPU = SingleImage|Any CPU
		SingleImage|x86 = SingleImage|x86
	EndGlobalSection
	GlobalSection(ProjectConfigurationPlatforms) = postSolution
		{C77BC1E8-9AAA-4F9C-9B47-0E3EF672C72C}.CD_ROM|Any CPU.ActiveCfg = Release|Any CPU
		{C77BC1E8-9AAA-4F9C-9B47-0E3EF672C72C}.CD_ROM|Any CPU.Build.0 = Release|Any CPU
		{C77BC1E8-9AAA-4F9C-9B47-0E3EF672C72C}.CD_ROM|x86.ActiveCfg = Debug|Any CPU
		{C77BC1E8-9AAA-4F9C-9B47-0E3EF672C72C}.CD_ROM|x86.Build.0 = Debug|Any CPU
		{C77BC1E8-9AAA-4F9C-9B47-0E3EF672C72C}.Debug|Any CPU.ActiveCfg = Debug|Any CPU
		{C77BC1E8-9AAA-4F9C-9B47-0E3EF672C72C}.Debug|Any CPU.Build.0 = Debug|Any CPU
		{C77BC1E8-9AAA-4F9C-9B47-0E3EF672C72C}.Debug|x86.ActiveCfg = Debug|Any CPU
		{C77BC1E8-9AAA-4F9C-9B47-0E3EF672C72C}.Debug|x86.Build.0 = Debug|Any CPU
		{C77BC1E8-9AAA-4F9C-9B47-0E3EF672C72C}.DVD-5|Any CPU.ActiveCfg = Debug|Any CPU
		{C77BC1E8-9AAA-4F9C-9B47-0E3EF672C72C}.DVD-5|Any CPU.Build.0 = Debug|Any CPU
		{C77BC1E8-9AAA-4F9C-9B47-0E3EF672C72C}.DVD-5|x86.ActiveCfg = Debug|Any CPU
		{C77BC1E8-9AAA-4F9C-9B47-0E3EF672C72C}.DVD-5|x86.Build.0 = Debug|Any CPU
		{C77BC1E8-9AAA-4F9C-9B47-0E3EF672C72C}.Release|Any CPU.ActiveCfg = Release|Any CPU
		{C77BC1E8-9AAA-4F9C-9B47-0E3EF672C72C}.Release|Any CPU.Build.0 = Release|Any CPU
		{C77BC1E8-9AAA-4F9C-9B47-0E3EF672C72C}.Release|x86.ActiveCfg = Release|Any CPU
		{C77BC1E8-9AAA-4F9C-9B47-0E3EF672C72C}.Release|x86.Build.0 = Release|Any CPU
		{C77BC1E8-9AAA-4F9C-9B47-0E3EF672C72C}.SingleImage|Any CPU.ActiveCfg = Release|Any CPU
		{C77BC1E8-9AAA-4F9C-9B47-0E3EF672C72C}.SingleImage|Any CPU.Build.0 = Release|Any CPU
		{C77BC1E8-9AAA-4F9C-9B47-0E3EF672C72C}.SingleImage|x86.ActiveCfg = Debug|Any CPU
		{C77BC1E8-9AAA-4F9C-9B47-0E3EF672C72C}.SingleImage|x86.Build.0 = Debug|Any CPU
		{6AC4706D-5BC0-45DC-B517-683D19C57970}.CD_ROM|Any CPU.ActiveCfg = Release|Any CPU
		{6AC4706D-5BC0-45DC-B517-683D19C57970}.CD_ROM|Any CPU.Build.0 = Release|Any CPU
		{6AC4706D-5BC0-45DC-B517-683D19C57970}.CD_ROM|x86.ActiveCfg = Debug|Any CPU
		{6AC4706D-5BC0-45DC-B517-683D19C57970}.CD_ROM|x86.Build.0 = Debug|Any CPU
		{6AC4706D-5BC0-45DC-B517-683D19C57970}.Debug|Any CPU.ActiveCfg = Debug|Any CPU
		{6AC4706D-5BC0-45DC-B517-683D19C57970}.Debug|Any CPU.Build.0 = Debug|Any CPU
		{6AC4706D-5BC0-45DC-B517-683D19C57970}.Debug|x86.ActiveCfg = Debug|Any CPU
		{6AC4706D-5BC0-45DC-B517-683D19C57970}.Debug|x86.Build.0 = Debug|Any CPU
		{6AC4706D-5BC0-45DC-B517-683D19C57970}.DVD-5|Any CPU.ActiveCfg = Debug|Any CPU
		{6AC4706D-5BC0-45DC-B517-683D19C57970}.DVD-5|Any CPU.Build.0 = Debug|Any CPU
		{6AC4706D-5BC0-45DC-B517-683D19C57970}.DVD-5|x86.ActiveCfg = Debug|Any CPU
		{6AC4706D-5BC0-45DC-B517-683D19C57970}.DVD-5|x86.Build.0 = Debug|Any CPU
		{6AC4706D-5BC0-45DC-B517-683D19C57970}.Release|Any CPU.ActiveCfg = Release|Any CPU
		{6AC4706D-5BC0-45DC-B517-683D19C57970}.Release|Any CPU.Build.0 = Release|Any CPU
		{6AC4706D-5BC0-45DC-B517-683D19C57970}.Release|x86.ActiveCfg = Release|Any CPU
		{6AC4706D-5BC0-45DC-B517-683D19C57970}.Release|x86.Build.0 = Release|Any CPU
		{6AC4706D-5BC0-45DC-B517-683D19C57970}.SingleImage|Any CPU.ActiveCfg = Release|Any CPU
		{6AC4706D-5BC0-45DC-B517-683D19C57970}.SingleImage|Any CPU.Build.0 = Release|Any CPU
		{6AC4706D-5BC0-45DC-B517-683D19C57970}.SingleImage|x86.ActiveCfg = Debug|Any CPU
		{6AC4706D-5BC0-45DC-B517-683D19C57970}.SingleImage|x86.Build.0 = Debug|Any CPU
		{165E8729-65D9-40B3-B8EE-404B5CAEE91D}.CD_ROM|Any CPU.ActiveCfg = CD_ROM
		{165E8729-65D9-40B3-B8EE-404B5CAEE91D}.CD_ROM|Any CPU.Build.0 = CD_ROM
		{165E8729-65D9-40B3-B8EE-404B5CAEE91D}.CD_ROM|x86.ActiveCfg = CD_ROM
		{165E8729-65D9-40B3-B8EE-404B5CAEE91D}.CD_ROM|x86.Build.0 = CD_ROM
		{165E8729-65D9-40B3-B8EE-404B5CAEE91D}.Debug|Any CPU.ActiveCfg = SingleImage
		{165E8729-65D9-40B3-B8EE-404B5CAEE91D}.Debug|Any CPU.Build.0 = SingleImage
		{165E8729-65D9-40B3-B8EE-404B5CAEE91D}.Debug|x86.ActiveCfg = DVD-5
		{165E8729-65D9-40B3-B8EE-404B5CAEE91D}.Debug|x86.Build.0 = DVD-5
		{165E8729-65D9-40B3-B8EE-404B5CAEE91D}.DVD-5|Any CPU.ActiveCfg = DVD-5
		{165E8729-65D9-40B3-B8EE-404B5CAEE91D}.DVD-5|Any CPU.Build.0 = DVD-5
		{165E8729-65D9-40B3-B8EE-404B5CAEE91D}.DVD-5|x86.ActiveCfg = DVD-5
		{165E8729-65D9-40B3-B8EE-404B5CAEE91D}.DVD-5|x86.Build.0 = DVD-5
		{165E8729-65D9-40B3-B8EE-404B5CAEE91D}.Release|Any CPU.ActiveCfg = SingleImage
		{165E8729-65D9-40B3-B8EE-404B5CAEE91D}.Release|Any CPU.Build.0 = SingleImage
		{165E8729-65D9-40B3-B8EE-404B5CAEE91D}.Release|x86.ActiveCfg = DVD-5
		{165E8729-65D9-40B3-B8EE-404B5CAEE91D}.Release|x86.Build.0 = DVD-5
		{165E8729-65D9-40B3-B8EE-404B5CAEE91D}.SingleImage|Any CPU.ActiveCfg = SingleImage
		{165E8729-65D9-40B3-B8EE-404B5CAEE91D}.SingleImage|Any CPU.Build.0 = SingleImage
		{165E8729-65D9-40B3-B8EE-404B5CAEE91D}.SingleImage|x86.ActiveCfg = SingleImage
		{165E8729-65D9-40B3-B8EE-404B5CAEE91D}.SingleImage|x86.Build.0 = SingleImage
		{46DC729E-5083-4F4B-BF2E-E20611D3C14E}.CD_ROM|Any CPU.ActiveCfg = Release|Any CPU
		{46DC729E-5083-4F4B-BF2E-E20611D3C14E}.CD_ROM|Any CPU.Build.0 = Release|Any CPU
		{46DC729E-5083-4F4B-BF2E-E20611D3C14E}.CD_ROM|x86.ActiveCfg = Debug|Any CPU
		{46DC729E-5083-4F4B-BF2E-E20611D3C14E}.CD_ROM|x86.Build.0 = Debug|Any CPU
		{46DC729E-5083-4F4B-BF2E-E20611D3C14E}.Debug|Any CPU.ActiveCfg = Debug|Any CPU
		{46DC729E-5083-4F4B-BF2E-E20611D3C14E}.Debug|Any CPU.Build.0 = Debug|Any CPU
		{46DC729E-5083-4F4B-BF2E-E20611D3C14E}.Debug|x86.ActiveCfg = Debug|Any CPU
		{46DC729E-5083-4F4B-BF2E-E20611D3C14E}.Debug|x86.Build.0 = Debug|Any CPU
		{46DC729E-5083-4F4B-BF2E-E20611D3C14E}.DVD-5|Any CPU.ActiveCfg = Debug|Any CPU
		{46DC729E-5083-4F4B-BF2E-E20611D3C14E}.DVD-5|Any CPU.Build.0 = Debug|Any CPU
		{46DC729E-5083-4F4B-BF2E-E20611D3C14E}.DVD-5|x86.ActiveCfg = Debug|Any CPU
		{46DC729E-5083-4F4B-BF2E-E20611D3C14E}.DVD-5|x86.Build.0 = Debug|Any CPU
		{46DC729E-5083-4F4B-BF2E-E20611D3C14E}.Release|Any CPU.ActiveCfg = Release|Any CPU
		{46DC729E-5083-4F4B-BF2E-E20611D3C14E}.Release|Any CPU.Build.0 = Release|Any CPU
		{46DC729E-5083-4F4B-BF2E-E20611D3C14E}.Release|x86.ActiveCfg = Release|Any CPU
		{46DC729E-5083-4F4B-BF2E-E20611D3C14E}.Release|x86.Build.0 = Release|Any CPU
		{46DC729E-5083-4F4B-BF2E-E20611D3C14E}.SingleImage|Any CPU.ActiveCfg = Release|Any CPU
		{46DC729E-5083-4F4B-BF2E-E20611D3C14E}.SingleImage|Any CPU.Build.0 = Release|Any CPU
		{46DC729E-5083-4F4B-BF2E-E20611D3C14E}.SingleImage|x86.ActiveCfg = Debug|Any CPU
		{46DC729E-5083-4F4B-BF2E-E20611D3C14E}.SingleImage|x86.Build.0 = Debug|Any CPU
		{45DEE8E4-7F86-4747-A6F4-D6E3671A2A42}.CD_ROM|Any CPU.ActiveCfg = Release|Any CPU
		{45DEE8E4-7F86-4747-A6F4-D6E3671A2A42}.CD_ROM|Any CPU.Build.0 = Release|Any CPU
		{45DEE8E4-7F86-4747-A6F4-D6E3671A2A42}.CD_ROM|x86.ActiveCfg = Debug|Any CPU
		{45DEE8E4-7F86-4747-A6F4-D6E3671A2A42}.CD_ROM|x86.Build.0 = Debug|Any CPU
		{45DEE8E4-7F86-4747-A6F4-D6E3671A2A42}.Debug|Any CPU.ActiveCfg = Debug|Any CPU
		{45DEE8E4-7F86-4747-A6F4-D6E3671A2A42}.Debug|Any CPU.Build.0 = Debug|Any CPU
		{45DEE8E4-7F86-4747-A6F4-D6E3671A2A42}.Debug|x86.ActiveCfg = Debug|Any CPU
		{45DEE8E4-7F86-4747-A6F4-D6E3671A2A42}.Debug|x86.Build.0 = Debug|Any CPU
		{45DEE8E4-7F86-4747-A6F4-D6E3671A2A42}.DVD-5|Any CPU.ActiveCfg = Debug|Any CPU
		{45DEE8E4-7F86-4747-A6F4-D6E3671A2A42}.DVD-5|Any CPU.Build.0 = Debug|Any CPU
		{45DEE8E4-7F86-4747-A6F4-D6E3671A2A42}.DVD-5|x86.ActiveCfg = Debug|Any CPU
		{45DEE8E4-7F86-4747-A6F4-D6E3671A2A42}.DVD-5|x86.Build.0 = Debug|Any CPU
		{45DEE8E4-7F86-4747-A6F4-D6E3671A2A42}.Release|Any CPU.ActiveCfg = Release|Any CPU
		{45DEE8E4-7F86-4747-A6F4-D6E3671A2A42}.Release|Any CPU.Build.0 = Release|Any CPU
		{45DEE8E4-7F86-4747-A6F4-D6E3671A2A42}.Release|x86.ActiveCfg = Release|Any CPU
		{45DEE8E4-7F86-4747-A6F4-D6E3671A2A42}.Release|x86.Build.0 = Release|Any CPU
		{45DEE8E4-7F86-4747-A6F4-D6E3671A2A42}.SingleImage|Any CPU.ActiveCfg = Release|Any CPU
		{45DEE8E4-7F86-4747-A6F4-D6E3671A2A42}.SingleImage|Any CPU.Build.0 = Release|Any CPU
		{45DEE8E4-7F86-4747-A6F4-D6E3671A2A42}.SingleImage|x86.ActiveCfg = Debug|Any CPU
		{45DEE8E4-7F86-4747-A6F4-D6E3671A2A42}.SingleImage|x86.Build.0 = Debug|Any CPU
		{E0F72E5D-292A-4FD4-8E32-337A91A81200}.CD_ROM|Any CPU.ActiveCfg = Release|Any CPU
		{E0F72E5D-292A-4FD4-8E32-337A91A81200}.CD_ROM|Any CPU.Build.0 = Release|Any CPU
		{E0F72E5D-292A-4FD4-8E32-337A91A81200}.CD_ROM|x86.ActiveCfg = Release|x86
		{E0F72E5D-292A-4FD4-8E32-337A91A81200}.CD_ROM|x86.Build.0 = Release|x86
		{E0F72E5D-292A-4FD4-8E32-337A91A81200}.Debug|Any CPU.ActiveCfg = Debug|Any CPU
		{E0F72E5D-292A-4FD4-8E32-337A91A81200}.Debug|Any CPU.Build.0 = Debug|Any CPU
		{E0F72E5D-292A-4FD4-8E32-337A91A81200}.Debug|x86.ActiveCfg = Debug|x86
		{E0F72E5D-292A-4FD4-8E32-337A91A81200}.Debug|x86.Build.0 = Debug|x86
		{E0F72E5D-292A-4FD4-8E32-337A91A81200}.DVD-5|Any CPU.ActiveCfg = Debug|Any CPU
		{E0F72E5D-292A-4FD4-8E32-337A91A81200}.DVD-5|Any CPU.Build.0 = Debug|Any CPU
		{E0F72E5D-292A-4FD4-8E32-337A91A81200}.DVD-5|x86.ActiveCfg = Debug|x86
		{E0F72E5D-292A-4FD4-8E32-337A91A81200}.DVD-5|x86.Build.0 = Debug|x86
		{E0F72E5D-292A-4FD4-8E32-337A91A81200}.Release|Any CPU.ActiveCfg = Release|Any CPU
		{E0F72E5D-292A-4FD4-8E32-337A91A81200}.Release|Any CPU.Build.0 = Release|Any CPU
		{E0F72E5D-292A-4FD4-8E32-337A91A81200}.Release|x86.ActiveCfg = Release|x86
		{E0F72E5D-292A-4FD4-8E32-337A91A81200}.Release|x86.Build.0 = Release|x86
		{E0F72E5D-292A-4FD4-8E32-337A91A81200}.SingleImage|Any CPU.ActiveCfg = Release|Any CPU
		{E0F72E5D-292A-4FD4-8E32-337A91A81200}.SingleImage|Any CPU.Build.0 = Release|Any CPU
		{E0F72E5D-292A-4FD4-8E32-337A91A81200}.SingleImage|x86.ActiveCfg = Release|x86
		{E0F72E5D-292A-4FD4-8E32-337A91A81200}.SingleImage|x86.Build.0 = Release|x86
		{7B5AC1A6-41A0-455C-9C75-9934CAA3D7CF}.CD_ROM|Any CPU.ActiveCfg = Release|Any CPU
		{7B5AC1A6-41A0-455C-9C75-9934CAA3D7CF}.CD_ROM|Any CPU.Build.0 = Release|Any CPU
		{7B5AC1A6-41A0-455C-9C75-9934CAA3D7CF}.CD_ROM|x86.ActiveCfg = Release|Any CPU
		{7B5AC1A6-41A0-455C-9C75-9934CAA3D7CF}.CD_ROM|x86.Build.0 = Release|Any CPU
		{7B5AC1A6-41A0-455C-9C75-9934CAA3D7CF}.Debug|Any CPU.ActiveCfg = Debug|Any CPU
		{7B5AC1A6-41A0-455C-9C75-9934CAA3D7CF}.Debug|Any CPU.Build.0 = Debug|Any CPU
		{7B5AC1A6-41A0-455C-9C75-9934CAA3D7CF}.Debug|x86.ActiveCfg = Debug|Any CPU
		{7B5AC1A6-41A0-455C-9C75-9934CAA3D7CF}.Debug|x86.Build.0 = Debug|Any CPU
		{7B5AC1A6-41A0-455C-9C75-9934CAA3D7CF}.DVD-5|Any CPU.ActiveCfg = Debug|Any CPU
		{7B5AC1A6-41A0-455C-9C75-9934CAA3D7CF}.DVD-5|Any CPU.Build.0 = Debug|Any CPU
		{7B5AC1A6-41A0-455C-9C75-9934CAA3D7CF}.DVD-5|x86.ActiveCfg = Debug|Any CPU
		{7B5AC1A6-41A0-455C-9C75-9934CAA3D7CF}.DVD-5|x86.Build.0 = Debug|Any CPU
		{7B5AC1A6-41A0-455C-9C75-9934CAA3D7CF}.Release|Any CPU.ActiveCfg = Release|Any CPU
		{7B5AC1A6-41A0-455C-9C75-9934CAA3D7CF}.Release|Any CPU.Build.0 = Release|Any CPU
		{7B5AC1A6-41A0-455C-9C75-9934CAA3D7CF}.Release|x86.ActiveCfg = Release|Any CPU
		{7B5AC1A6-41A0-455C-9C75-9934CAA3D7CF}.Release|x86.Build.0 = Release|Any CPU
		{7B5AC1A6-41A0-455C-9C75-9934CAA3D7CF}.SingleImage|Any CPU.ActiveCfg = Release|Any CPU
		{7B5AC1A6-41A0-455C-9C75-9934CAA3D7CF}.SingleImage|Any CPU.Build.0 = Release|Any CPU
		{7B5AC1A6-41A0-455C-9C75-9934CAA3D7CF}.SingleImage|x86.ActiveCfg = Release|Any CPU
		{7B5AC1A6-41A0-455C-9C75-9934CAA3D7CF}.SingleImage|x86.Build.0 = Release|Any CPU
	EndGlobalSection
	GlobalSection(SolutionProperties) = preSolution
		HideSolutionNode = FALSE
	EndGlobalSection
EndGlobal
