
Microsoft Visual Studio Solution File, Format Version 12.00
# Visual Studio 14
VisualStudioVersion = 14.0.23107.0
MinimumVisualStudioVersion = 10.0.40219.1
Project("{FAE04EC0-301F-11D3-BF4B-00C04F79EFBC}") = "quandl-excel-windows", "quandl-excel-windows\quandl-excel-windows.csproj", "{154C0ED1-6466-48BA-AA7C-09C611A304D3}"
EndProject
Project("{2150E333-8FDC-42A3-9474-1A3956D46DE8}") = "Solution Items", "Solution Items", "{8C37DE7D-90DD-452B-9B44-B8B787B7321B}"
	ProjectSection(SolutionItems) = preProject
		README.md = README.md
	EndProjectSection
EndProject
Project("{FAE04EC0-301F-11D3-BF4B-00C04F79EFBC}") = "QuandlFunctions", "QuandlFunctions\QuandlFunctions.csproj", "{6AC4706D-5BC0-45DC-B517-683D19C57970}"
EndProject
Project("{6141683F-8A12-4E36-9623-2EB02B2C2303}") = "Quandl-Excell-Addin-Setup", "Quandl-Excell-Addin-Setup\Quandl-Excell-Addin-Setup.isproj", "{F7C29CB7-43FD-4472-92A9-48B43E007364}"
	ProjectSection(ProjectDependencies) = postProject
		{6AC4706D-5BC0-45DC-B517-683D19C57970} = {6AC4706D-5BC0-45DC-B517-683D19C57970}
		{154C0ED1-6466-48BA-AA7C-09C611A304D3} = {154C0ED1-6466-48BA-AA7C-09C611A304D3}
	EndProjectSection
EndProject
Global
	GlobalSection(SolutionConfigurationPlatforms) = preSolution
		CD_ROM|Any CPU = CD_ROM|Any CPU
		Debug|Any CPU = Debug|Any CPU
		DVD-5|Any CPU = DVD-5|Any CPU
		Release|Any CPU = Release|Any CPU
		SingleImage|Any CPU = SingleImage|Any CPU
	EndGlobalSection
	GlobalSection(ProjectConfigurationPlatforms) = postSolution
		{154C0ED1-6466-48BA-AA7C-09C611A304D3}.CD_ROM|Any CPU.ActiveCfg = Release|Any CPU
		{154C0ED1-6466-48BA-AA7C-09C611A304D3}.CD_ROM|Any CPU.Build.0 = Release|Any CPU
		{154C0ED1-6466-48BA-AA7C-09C611A304D3}.Debug|Any CPU.ActiveCfg = Debug|Any CPU
		{154C0ED1-6466-48BA-AA7C-09C611A304D3}.Debug|Any CPU.Build.0 = Debug|Any CPU
		{154C0ED1-6466-48BA-AA7C-09C611A304D3}.DVD-5|Any CPU.ActiveCfg = Debug|Any CPU
		{154C0ED1-6466-48BA-AA7C-09C611A304D3}.DVD-5|Any CPU.Build.0 = Debug|Any CPU
		{154C0ED1-6466-48BA-AA7C-09C611A304D3}.Release|Any CPU.ActiveCfg = Release|Any CPU
		{154C0ED1-6466-48BA-AA7C-09C611A304D3}.Release|Any CPU.Build.0 = Release|Any CPU
		{154C0ED1-6466-48BA-AA7C-09C611A304D3}.SingleImage|Any CPU.ActiveCfg = Release|Any CPU
		{154C0ED1-6466-48BA-AA7C-09C611A304D3}.SingleImage|Any CPU.Build.0 = Release|Any CPU
		{6AC4706D-5BC0-45DC-B517-683D19C57970}.CD_ROM|Any CPU.ActiveCfg = Release|Any CPU
		{6AC4706D-5BC0-45DC-B517-683D19C57970}.CD_ROM|Any CPU.Build.0 = Release|Any CPU
		{6AC4706D-5BC0-45DC-B517-683D19C57970}.Debug|Any CPU.ActiveCfg = Debug|Any CPU
		{6AC4706D-5BC0-45DC-B517-683D19C57970}.Debug|Any CPU.Build.0 = Debug|Any CPU
		{6AC4706D-5BC0-45DC-B517-683D19C57970}.DVD-5|Any CPU.ActiveCfg = Debug|Any CPU
		{6AC4706D-5BC0-45DC-B517-683D19C57970}.DVD-5|Any CPU.Build.0 = Debug|Any CPU
		{6AC4706D-5BC0-45DC-B517-683D19C57970}.Release|Any CPU.ActiveCfg = Release|Any CPU
		{6AC4706D-5BC0-45DC-B517-683D19C57970}.Release|Any CPU.Build.0 = Release|Any CPU
		{6AC4706D-5BC0-45DC-B517-683D19C57970}.SingleImage|Any CPU.ActiveCfg = Release|Any CPU
		{6AC4706D-5BC0-45DC-B517-683D19C57970}.SingleImage|Any CPU.Build.0 = Release|Any CPU
		{F7C29CB7-43FD-4472-92A9-48B43E007364}.CD_ROM|Any CPU.ActiveCfg = CD_ROM
		{F7C29CB7-43FD-4472-92A9-48B43E007364}.CD_ROM|Any CPU.Build.0 = CD_ROM
		{F7C29CB7-43FD-4472-92A9-48B43E007364}.Debug|Any CPU.ActiveCfg = DVD-5
		{F7C29CB7-43FD-4472-92A9-48B43E007364}.Debug|Any CPU.Build.0 = DVD-5
		{F7C29CB7-43FD-4472-92A9-48B43E007364}.DVD-5|Any CPU.ActiveCfg = DVD-5
		{F7C29CB7-43FD-4472-92A9-48B43E007364}.DVD-5|Any CPU.Build.0 = DVD-5
		{F7C29CB7-43FD-4472-92A9-48B43E007364}.Release|Any CPU.ActiveCfg = SingleImage
		{F7C29CB7-43FD-4472-92A9-48B43E007364}.Release|Any CPU.Build.0 = SingleImage
		{F7C29CB7-43FD-4472-92A9-48B43E007364}.SingleImage|Any CPU.ActiveCfg = SingleImage
		{F7C29CB7-43FD-4472-92A9-48B43E007364}.SingleImage|Any CPU.Build.0 = SingleImage
	EndGlobalSection
	GlobalSection(SolutionProperties) = preSolution
		HideSolutionNode = FALSE
	EndGlobalSection
EndGlobal
